
Microsoft Visual Studio Solution File, Format Version 12.00
# Visual Studio Version 17
VisualStudioVersion = 17.8.34511.84
MinimumVisualStudioVersion = 10.0.40219.1
Project("{9A19103F-16F7-4668-BE54-9A1E7A4F7556}") = "EasySave", "EasySave.csproj", "{12AB8D96-4AB3-49A6-9338-C39586A18E34}"
EndProject
Project("{54435603-DBB4-11D2-8724-00A0C9A8B90C}") = "EasySaveSetup", "..\EasySaveSetup\EasySaveSetup.vdproj", "{AB47FAC4-0D46-485C-A243-5BC3CCA31442}"
EndProject
Project("{9A19103F-16F7-4668-BE54-9A1E7A4F7556}") = "EasySaveWPF", "..\EasySaveWPF\EasySaveWPF.csproj", "{27E0BD53-1A02-4637-BC24-7F34A8CD7339}"
EndProject
Project("{9A19103F-16F7-4668-BE54-9A1E7A4F7556}") = "ClientWPFConsole", "..\ClientWPFConsole\ClientWPFConsole.csproj", "{58245AEF-6136-4CF4-8413-A204B52A08BA}"
EndProject
Project("{54435603-DBB4-11D2-8724-00A0C9A8B90C}") = "EasySaveClientSetup", "..\EasySaveClientSetup\EasySaveClientSetup.vdproj", "{F5E21E80-F0C2-47E8-94FB-B94D85DAAB4C}"
EndProject
Global
	GlobalSection(SolutionConfigurationPlatforms) = preSolution
		Debug|Any CPU = Debug|Any CPU
		Release|Any CPU = Release|Any CPU
	EndGlobalSection
	GlobalSection(ProjectConfigurationPlatforms) = postSolution
		{12AB8D96-4AB3-49A6-9338-C39586A18E34}.Debug|Any CPU.ActiveCfg = Debug|Any CPU
		{12AB8D96-4AB3-49A6-9338-C39586A18E34}.Debug|Any CPU.Build.0 = Debug|Any CPU
		{12AB8D96-4AB3-49A6-9338-C39586A18E34}.Release|Any CPU.ActiveCfg = Release|Any CPU
		{12AB8D96-4AB3-49A6-9338-C39586A18E34}.Release|Any CPU.Build.0 = Release|Any CPU
		{AB47FAC4-0D46-485C-A243-5BC3CCA31442}.Debug|Any CPU.ActiveCfg = Debug
		{AB47FAC4-0D46-485C-A243-5BC3CCA31442}.Release|Any CPU.ActiveCfg = Release
		{27E0BD53-1A02-4637-BC24-7F34A8CD7339}.Debug|Any CPU.ActiveCfg = Debug|Any CPU
		{27E0BD53-1A02-4637-BC24-7F34A8CD7339}.Debug|Any CPU.Build.0 = Debug|Any CPU
		{27E0BD53-1A02-4637-BC24-7F34A8CD7339}.Release|Any CPU.ActiveCfg = Release|Any CPU
		{27E0BD53-1A02-4637-BC24-7F34A8CD7339}.Release|Any CPU.Build.0 = Release|Any CPU
		{58245AEF-6136-4CF4-8413-A204B52A08BA}.Debug|Any CPU.ActiveCfg = Debug|Any CPU
		{58245AEF-6136-4CF4-8413-A204B52A08BA}.Debug|Any CPU.Build.0 = Debug|Any CPU
		{58245AEF-6136-4CF4-8413-A204B52A08BA}.Release|Any CPU.ActiveCfg = Release|Any CPU
		{58245AEF-6136-4CF4-8413-A204B52A08BA}.Release|Any CPU.Build.0 = Release|Any CPU
		{F5E21E80-F0C2-47E8-94FB-B94D85DAAB4C}.Debug|Any CPU.ActiveCfg = Debug
		{F5E21E80-F0C2-47E8-94FB-B94D85DAAB4C}.Release|Any CPU.ActiveCfg = Release
	EndGlobalSection
	GlobalSection(SolutionProperties) = preSolution
		HideSolutionNode = FALSE
	EndGlobalSection
	GlobalSection(ExtensibilityGlobals) = postSolution
		SolutionGuid = {98E1572F-3F4E-4150-9EE3-504DB1560F5C}
		RESX_CultureCountyOverrides = fr=fr-KM
		RESX_NeutralResourcesLanguage = fr-FR
		RESX_PrefixTranslations = False
	EndGlobalSection
EndGlobal
